
Microsoft Visual Studio Solution File, Format Version 12.00
# Visual Studio 15
VisualStudioVersion = 15.0.28307.329
MinimumVisualStudioVersion = 10.0.40219.1
Project("{FAE04EC0-301F-11D3-BF4B-00C04F79EFBC}") = "Aktiv.RtAdmin", "Aktiv.RtAdmin\Aktiv.RtAdmin.csproj", "{CAC44CC4-F26A-4E5B-B7C7-E05A1917673C}"
EndProject
Global
	GlobalSection(SolutionConfigurationPlatforms) = preSolution
		Debug|Any CPU = Debug|Any CPU
		Release|Any CPU = Release|Any CPU
	EndGlobalSection
	GlobalSection(ProjectConfigurationPlatforms) = postSolution
		{CAC44CC4-F26A-4E5B-B7C7-E05A1917673C}.Debug|Any CPU.ActiveCfg = Debug|Any CPU
		{CAC44CC4-F26A-4E5B-B7C7-E05A1917673C}.Debug|Any CPU.Build.0 = Debug|Any CPU
		{CAC44CC4-F26A-4E5B-B7C7-E05A1917673C}.Release|Any CPU.ActiveCfg = Release|Any CPU
		{CAC44CC4-F26A-4E5B-B7C7-E05A1917673C}.Release|Any CPU.Build.0 = Release|Any CPU
	EndGlobalSection
	GlobalSection(SolutionProperties) = preSolution
		HideSolutionNode = FALSE
	EndGlobalSection
	GlobalSection(ExtensibilityGlobals) = postSolution
		SolutionGuid = {2B4B60CA-2EC2-42D8-A7FF-102CE9549BA8}
	EndGlobalSection
EndGlobal
